
Microsoft Visual Studio Solution File, Format Version 12.00
# Visual Studio Version 16
VisualStudioVersion = 16.0.32602.291
MinimumVisualStudioVersion = 10.0.40219.1
Project("{2150E333-8FDC-42A3-9474-1A3956D46DE8}") = "TesteLogica.Primo", "TesteLogica.Primo", "{294FAE9C-16BE-4DEB-A0E6-3EACBEA78E5A}"
EndProject
Project("{FAE04EC0-301F-11D3-BF4B-00C04F79EFBC}") = "NumeroPrimo", "src\NumeroPrimo\NumeroPrimo.csproj", "{6EC57081-CA1D-42D1-BD11-ED0D5E95ECFE}"
EndProject
Project("{2150E333-8FDC-42A3-9474-1A3956D46DE8}") = "TesteLogica.Palindromo", "TesteLogica.Palindromo", "{ABE19229-1FD7-4515-974F-E728BC38332E}"
EndProject
Project("{FAE04EC0-301F-11D3-BF4B-00C04F79EFBC}") = "Palindromo", "src\Palindromo\Palindromo.csproj", "{88D3C5E7-AA97-4627-BEA7-1E6E80838323}"
EndProject
Project("{2150E333-8FDC-42A3-9474-1A3956D46DE8}") = "TesteLogica.MovimentoBot", "TesteLogica.MovimentoBot", "{FE10CB3A-E4FD-48C1-91A9-D208B6577FA7}"
EndProject
Project("{FAE04EC0-301F-11D3-BF4B-00C04F79EFBC}") = "MovimentoBot", "src\MovimentoBot\MovimentoBot.csproj", "{C1F8205B-8AD7-4E95-B0F1-2C5207552C9F}"
EndProject
Project("{FAE04EC0-301F-11D3-BF4B-00C04F79EFBC}") = "TelaPrincipal", "src\TelaPrincipal\TelaPrincipal.csproj", "{302423DE-D141-4C97-9CDF-CEAFADDEC4CA}"
EndProject
Global
	GlobalSection(SolutionConfigurationPlatforms) = preSolution
		Debug|Any CPU = Debug|Any CPU
		Release|Any CPU = Release|Any CPU
	EndGlobalSection
	GlobalSection(ProjectConfigurationPlatforms) = postSolution
		{6EC57081-CA1D-42D1-BD11-ED0D5E95ECFE}.Debug|Any CPU.ActiveCfg = Debug|Any CPU
		{6EC57081-CA1D-42D1-BD11-ED0D5E95ECFE}.Debug|Any CPU.Build.0 = Debug|Any CPU
		{6EC57081-CA1D-42D1-BD11-ED0D5E95ECFE}.Release|Any CPU.ActiveCfg = Release|Any CPU
		{6EC57081-CA1D-42D1-BD11-ED0D5E95ECFE}.Release|Any CPU.Build.0 = Release|Any CPU
		{88D3C5E7-AA97-4627-BEA7-1E6E80838323}.Debug|Any CPU.ActiveCfg = Debug|Any CPU
		{88D3C5E7-AA97-4627-BEA7-1E6E80838323}.Debug|Any CPU.Build.0 = Debug|Any CPU
		{88D3C5E7-AA97-4627-BEA7-1E6E80838323}.Release|Any CPU.ActiveCfg = Release|Any CPU
		{88D3C5E7-AA97-4627-BEA7-1E6E80838323}.Release|Any CPU.Build.0 = Release|Any CPU
		{C1F8205B-8AD7-4E95-B0F1-2C5207552C9F}.Debug|Any CPU.ActiveCfg = Debug|Any CPU
		{C1F8205B-8AD7-4E95-B0F1-2C5207552C9F}.Debug|Any CPU.Build.0 = Debug|Any CPU
		{C1F8205B-8AD7-4E95-B0F1-2C5207552C9F}.Release|Any CPU.ActiveCfg = Release|Any CPU
		{C1F8205B-8AD7-4E95-B0F1-2C5207552C9F}.Release|Any CPU.Build.0 = Release|Any CPU
		{302423DE-D141-4C97-9CDF-CEAFADDEC4CA}.Debug|Any CPU.ActiveCfg = Debug|Any CPU
		{302423DE-D141-4C97-9CDF-CEAFADDEC4CA}.Debug|Any CPU.Build.0 = Debug|Any CPU
		{302423DE-D141-4C97-9CDF-CEAFADDEC4CA}.Release|Any CPU.ActiveCfg = Release|Any CPU
		{302423DE-D141-4C97-9CDF-CEAFADDEC4CA}.Release|Any CPU.Build.0 = Release|Any CPU
	EndGlobalSection
	GlobalSection(SolutionProperties) = preSolution
		HideSolutionNode = FALSE
	EndGlobalSection
	GlobalSection(NestedProjects) = preSolution
		{6EC57081-CA1D-42D1-BD11-ED0D5E95ECFE} = {294FAE9C-16BE-4DEB-A0E6-3EACBEA78E5A}
		{88D3C5E7-AA97-4627-BEA7-1E6E80838323} = {ABE19229-1FD7-4515-974F-E728BC38332E}
		{C1F8205B-8AD7-4E95-B0F1-2C5207552C9F} = {FE10CB3A-E4FD-48C1-91A9-D208B6577FA7}
	EndGlobalSection
	GlobalSection(ExtensibilityGlobals) = postSolution
		SolutionGuid = {F2ECE654-2609-4B20-8711-9D34D212944F}
	EndGlobalSection
EndGlobal
